
Microsoft Visual Studio Solution File, Format Version 12.00
# Visual Studio 15
VisualStudioVersion = 15.0.28307.705
MinimumVisualStudioVersion = 10.0.40219.1
Project("{FAE04EC0-301F-11D3-BF4B-00C04F79EFBC}") = "Maritime.CodeTest", "Maritime.CodeTest\Maritime.CodeTest.csproj", "{BCAFBAA8-D46B-498C-A4E4-79FB58B8C731}"
EndProject
Project("{FAE04EC0-301F-11D3-BF4B-00C04F79EFBC}") = "Maritime.CodeTest.Ui", "Maritime.CodeTest.Ui\Maritime.CodeTest.Ui.csproj", "{866E3937-78C2-41C3-983C-165D21E2C2D0}"
EndProject
Global
	GlobalSection(SolutionConfigurationPlatforms) = preSolution
		Debug|Any CPU = Debug|Any CPU
		Release|Any CPU = Release|Any CPU
	EndGlobalSection
	GlobalSection(ProjectConfigurationPlatforms) = postSolution
		{BCAFBAA8-D46B-498C-A4E4-79FB58B8C731}.Debug|Any CPU.ActiveCfg = Debug|Any CPU
		{BCAFBAA8-D46B-498C-A4E4-79FB58B8C731}.Debug|Any CPU.Build.0 = Debug|Any CPU
		{BCAFBAA8-D46B-498C-A4E4-79FB58B8C731}.Release|Any CPU.ActiveCfg = Release|Any CPU
		{BCAFBAA8-D46B-498C-A4E4-79FB58B8C731}.Release|Any CPU.Build.0 = Release|Any CPU
		{866E3937-78C2-41C3-983C-165D21E2C2D0}.Debug|Any CPU.ActiveCfg = Debug|Any CPU
		{866E3937-78C2-41C3-983C-165D21E2C2D0}.Debug|Any CPU.Build.0 = Debug|Any CPU
		{866E3937-78C2-41C3-983C-165D21E2C2D0}.Release|Any CPU.ActiveCfg = Release|Any CPU
		{866E3937-78C2-41C3-983C-165D21E2C2D0}.Release|Any CPU.Build.0 = Release|Any CPU
	EndGlobalSection
	GlobalSection(SolutionProperties) = preSolution
		HideSolutionNode = FALSE
	EndGlobalSection
	GlobalSection(ExtensibilityGlobals) = postSolution
		SolutionGuid = {AAC443B6-1066-4784-AF33-6E0F611285D4}
	EndGlobalSection
EndGlobal
